{
  "name": "torchbug-bot",
  "version": "1.0.0",
  "lockfileVersion": 2,
  "requires": true,
  "packages": {
    "": {
      "name": "torchbug-bot",
      "version": "1.0.0",
      "license": "ISC",
      "dependencies": {
        "dotenv": "^10.0.0",
        "moment": "^2.29.1",
        "twitter-api-v2": "^1.9.1"
      },
      "devDependencies": {
        "@types/node": "^17.0.8",
        "tsc-node": "^0.0.3",
        "typescript": "^4.5.4"
      }
    },
    "node_modules/@types/node": {
      "version": "17.0.8",
      "resolved": "https://registry.npmjs.org/@types/node/-/node-17.0.8.tgz",
      "integrity": "sha512-YofkM6fGv4gDJq78g4j0mMuGMkZVxZDgtU0JRdx6FgiJDG+0fY0GKVolOV8WqVmEhLCXkQRjwDdKyPxJp/uucg==",
      "dev": true
    },
    "node_modules/dotenv": {
      "version": "10.0.0",
      "resolved": "https://registry.npmjs.org/dotenv/-/dotenv-10.0.0.tgz",
      "integrity": "sha512-rlBi9d8jpv9Sf1klPjNfFAuWDjKLwTIJJ/VxtoTwIR6hnZxcEOQCZg2oIL3MWBYw5GpUDKOEnND7LXTbIpQ03Q==",
      "engines": {
        "node": ">=10"
      }
    },
    "node_modules/moment": {
      "version": "2.29.1",
      "resolved": "https://registry.npmjs.org/moment/-/moment-2.29.1.tgz",
      "integrity": "sha512-kHmoybcPV8Sqy59DwNDY3Jefr64lK/by/da0ViFcuA4DH0vQg5Q6Ze5VimxkfQNSC+Mls/Kx53s7TjP1RhFEDQ==",
      "engines": {
        "node": "*"
      }
    },
    "node_modules/tsc-node": {
      "version": "0.0.3",
      "resolved": "https://registry.npmjs.org/tsc-node/-/tsc-node-0.0.3.tgz",
      "integrity": "sha1-PiYZkHY2ZEtPxqPC1mAm+fZlqdo=",
      "dev": true,
      "dependencies": {
        "typescript": "^2.1.5"
      }
    },
    "node_modules/tsc-node/node_modules/typescript": {
      "version": "2.9.2",
      "resolved": "https://registry.npmjs.org/typescript/-/typescript-2.9.2.tgz",
      "integrity": "sha512-Gr4p6nFNaoufRIY4NMdpQRNmgxVIGMs4Fcu/ujdYk3nAZqk7supzBE9idmvfZIlH/Cuj//dvi+019qEue9lV0w==",
      "dev": true,
      "bin": {
        "tsc": "bin/tsc",
        "tsserver": "bin/tsserver"
      },
      "engines": {
        "node": ">=4.2.0"
      }
    },
    "node_modules/twitter-api-v2": {
      "version": "1.9.1",
      "resolved": "https://registry.npmjs.org/twitter-api-v2/-/twitter-api-v2-1.9.1.tgz",
      "integrity": "sha512-AZj7nO49MOjS/0kxbHZe947qmhoInnQ+orFEc2ACtgfqFjZezX0CbIQyxtg0wUiTGHnh9yjAC+4cNm+ifXjRlw=="
    },
    "node_modules/typescript": {
      "version": "4.5.4",
      "resolved": "https://registry.npmjs.org/typescript/-/typescript-4.5.4.tgz",
      "integrity": "sha512-VgYs2A2QIRuGphtzFV7aQJduJ2gyfTljngLzjpfW9FoYZF6xuw1W0vW9ghCKLfcWrCFxK81CSGRAvS1pn4fIUg==",
      "dev": true,
      "bin": {
        "tsc": "bin/tsc",
        "tsserver": "bin/tsserver"
      },
      "engines": {
        "node": ">=4.2.0"
      }
    }
  },
  "dependencies": {
    "@types/node": {
      "version": "17.0.8",
      "resolved": "https://registry.npmjs.org/@types/node/-/node-17.0.8.tgz",
      "integrity": "sha512-YofkM6fGv4gDJq78g4j0mMuGMkZVxZDgtU0JRdx6FgiJDG+0fY0GKVolOV8WqVmEhLCXkQRjwDdKyPxJp/uucg==",
      "dev": true
    },
    "dotenv": {
      "version": "10.0.0",
      "resolved": "https://registry.npmjs.org/dotenv/-/dotenv-10.0.0.tgz",
      "integrity": "sha512-rlBi9d8jpv9Sf1klPjNfFAuWDjKLwTIJJ/VxtoTwIR6hnZxcEOQCZg2oIL3MWBYw5GpUDKOEnND7LXTbIpQ03Q=="
    },
    "moment": {
      "version": "2.29.1",
      "resolved": "https://registry.npmjs.org/moment/-/moment-2.29.1.tgz",
      "integrity": "sha512-kHmoybcPV8Sqy59DwNDY3Jefr64lK/by/da0ViFcuA4DH0vQg5Q6Ze5VimxkfQNSC+Mls/Kx53s7TjP1RhFEDQ=="
    },
    "tsc-node": {
      "version": "0.0.3",
      "resolved": "https://registry.npmjs.org/tsc-node/-/tsc-node-0.0.3.tgz",
      "integrity": "sha1-PiYZkHY2ZEtPxqPC1mAm+fZlqdo=",
      "dev": true,
      "requires": {
        "typescript": "^2.1.5"
      },
      "dependencies": {
        "typescript": {
          "version": "2.9.2",
          "resolved": "https://registry.npmjs.org/typescript/-/typescript-2.9.2.tgz",
          "integrity": "sha512-Gr4p6nFNaoufRIY4NMdpQRNmgxVIGMs4Fcu/ujdYk3nAZqk7supzBE9idmvfZIlH/Cuj//dvi+019qEue9lV0w==",
          "dev": true
        }
      }
    },
    "twitter-api-v2": {
      "version": "1.9.1",
      "resolved": "https://registry.npmjs.org/twitter-api-v2/-/twitter-api-v2-1.9.1.tgz",
      "integrity": "sha512-AZj7nO49MOjS/0kxbHZe947qmhoInnQ+orFEc2ACtgfqFjZezX0CbIQyxtg0wUiTGHnh9yjAC+4cNm+ifXjRlw=="
    },
    "typescript": {
      "version": "4.5.4",
      "resolved": "https://registry.npmjs.org/typescript/-/typescript-4.5.4.tgz",
      "integrity": "sha512-VgYs2A2QIRuGphtzFV7aQJduJ2gyfTljngLzjpfW9FoYZF6xuw1W0vW9ghCKLfcWrCFxK81CSGRAvS1pn4fIUg==",
      "dev": true
    }
  }
}
